dependencies:
- name: nemotron-nano-9b-v2
  repository: file://./charts/nemotron-nano-9b-v2
  version: 26.04.2
- name: cosmos-reason2-8b
  repository: file://./charts/cosmos-reason2-8b
  version: 26.04.2
- name: cosmos3-reasoner
  repository: file://./charts/cosmos3-reasoner
  version: 26.04.2
digest: sha256:d1ae81803fd52a4ea1cad4899a46dce29ab645138b86299c97eec4cf15c955a3
generated: "2026-05-26T02:27:17.034847982Z"
