dependencies:
- name: phoenix
  repository: file://./charts/phoenix
  version: 26.04.2
- name: redis
  repository: file://./charts/redis
  version: 26.04.2
- name: mosquitto
  repository: file://./charts/mosquitto
  version: 26.04.2
- name: sdrc
  repository: file://./charts/sdrc
  version: 26.04.2
- name: elasticsearch
  repository: file://./charts/elasticsearch
  version: 26.04.2
- name: kibana
  repository: file://./charts/kibana
  version: 26.04.2
- name: kafka
  repository: file://./charts/kafka
  version: 26.04.2
- name: logstash
  repository: file://./charts/logstash
  version: 26.04.2
- name: vss-broker-health-check
  repository: file://./charts/broker-health-check
  version: 26.04.2
digest: sha256:57f8271dd62feb0c8850e9b66960064089e0bb38f97467c227ca815f191b4a79
generated: "2026-05-27T09:56:13.228651494-07:00"
